
Microsoft Visual Studio Solution File, Format Version 11.00
# Visual Studio 2010
Project("{FAE04EC0-301F-11D3-BF4B-00C04F79EFBC}") = "Blue_Creature_Thing_Game", "Assembly-CSharp.csproj", "{493BA024-3752-7D49-2944-34DE0276D188}"
EndProject
Global
	GlobalSection(SolutionConfigurationPlatforms) = preSolution
		Debug|Any CPU = Debug|Any CPU
		Release|Any CPU = Release|Any CPU
	EndGlobalSection
	GlobalSection(ProjectConfigurationPlatforms) = postSolution
		{493BA024-3752-7D49-2944-34DE0276D188}.Debug|Any CPU.ActiveCfg = Debug|Any CPU
		{493BA024-3752-7D49-2944-34DE0276D188}.Debug|Any CPU.Build.0 = Debug|Any CPU
		{493BA024-3752-7D49-2944-34DE0276D188}.Release|Any CPU.ActiveCfg = Release|Any CPU
		{493BA024-3752-7D49-2944-34DE0276D188}.Release|Any CPU.Build.0 = Release|Any CPU
	EndGlobalSection
	GlobalSection(SolutionProperties) = preSolution
		HideSolutionNode = FALSE
	EndGlobalSection
	GlobalSection(MonoDevelopProperties) = preSolution
		StartupItem = Assembly-CSharp.csproj
	EndGlobalSection
EndGlobal
